
Microsoft Visual Studio Solution File, Format Version 12.00
# Visual Studio Version 17
VisualStudioVersion = 17.5.002.0
MinimumVisualStudioVersion = 10.0.40219.1
Project("{9A19103F-16F7-4668-BE54-9A1E7A4F7556}") = "PublicationsAPI", "PublicationsAPI\PublicationsAPI.csproj", "{857682B6-318F-4C43-B208-E9A7DC264704}"
EndProject
Global
	GlobalSection(SolutionConfigurationPlatforms) = preSolution
		Debug|Any CPU = Debug|Any CPU
		Release|Any CPU = Release|Any CPU
	EndGlobalSection
	GlobalSection(ProjectConfigurationPlatforms) = postSolution
		{857682B6-318F-4C43-B208-E9A7DC264704}.Debug|Any CPU.ActiveCfg = Debug|Any CPU
		{857682B6-318F-4C43-B208-E9A7DC264704}.Debug|Any CPU.Build.0 = Debug|Any CPU
		{857682B6-318F-4C43-B208-E9A7DC264704}.Release|Any CPU.ActiveCfg = Release|Any CPU
		{857682B6-318F-4C43-B208-E9A7DC264704}.Release|Any CPU.Build.0 = Release|Any CPU
	EndGlobalSection
	GlobalSection(SolutionProperties) = preSolution
		HideSolutionNode = FALSE
	EndGlobalSection
	GlobalSection(ExtensibilityGlobals) = postSolution
		SolutionGuid = {9E36D2FA-855E-44E4-9088-3428D3837D54}
	EndGlobalSection
EndGlobal
